<?xml version="1.0" encoding="utf-8"?>
<Project ToolsVersion="4.0" xmlns="http://schemas.microsoft.com/developer/msbuild/2003">
  <ItemGroup>
    <ClInclude Include="pch.h" />
    <ClInclude Include="Source\Application\Application.h" />
    <ClInclude Include="Source\NativesInvoker\NativesInvoker.h" />
    <ClInclude Include="Source\Log\Log.h" />
    <ClInclude Include="Source\InputsHook\InputsHook.h" />
    <ClInclude Include="Source\ImGUI\ImGUI.h" />
    <ClInclude Include="Source\ImGUI\ImGUIWindow.h" />
    <ClInclude Include="Source\ImGUI\Console\Console.h" />
    <ClInclude Include="Source\ImGUI\Console\Commands\Commands.h" />
    <ClInclude Include="Source\scrThread\scrThread.h" />
    <ClInclude Include="Source\DirectXHook\DirectXHook.h" />
    <ClInclude Include="Headers\EventsHandler.h" />
    <ClInclude Include="Headers\Defines.h" />
    <ClInclude Include="Headers\Hook.h" />
    <ClInclude Include="Headers\Math.h" />
    <ClInclude Include="Headers\Memory.h" />
    <ClInclude Include="Headers\Pattern.h" />
    <ClInclude Include="Headers\Singleton.h" />
    <ClInclude Include="Source\Utils\Utils.h" />
    <ClInclude Include="Headers\VMT.h" />
    <ClInclude Include="resource.h" />
    <ClInclude Include="Source\Game\ioMouse\ioMouse.h" />
    <ClInclude Include="Source\Game\UIInput\UIInput.h" />
    <ClInclude Include="Source\Game\sagPlayerMgr\sagPlayerMgr.h" />
    <ClInclude Include="Source\Game\sagPlayer\sagPlayer.h" />
    <ClInclude Include="Source\Game\sagActor\sagActor.h" />
    <ClInclude Include="Source\Game\sagActorManager\sagActorManager.h" />
    <ClInclude Include="Source\ImGUI\Home\Home.h" />
    <ClInclude Include="Source\Game\gohObjectManager\gohObjectManager.h" />
    <ClInclude Include="Source\Game\gohBase\gohBase.h" />
    <ClInclude Include="Source\Game\Matrix34\Matrix34.h" />
    <ClInclude Include="Source\Game\Components\hlthHealthComponent\hlthHealthComponent.h" />
    <ClInclude Include="Source\Game\Components\mvrMoverComponent\mvrMoverComponent.h" />
    <ClInclude Include="Source\Game\Components\animAnimatorComponent\animAnimatorComponent.h" />
    <ClInclude Include="Source\Game\SigsDatabase\SigsDatabase.h" />
    <ClInclude Include="Source\FibersManager\FibersPool\FibersPool.h" />
    <ClInclude Include="Source\FibersManager\IFiber\IFiber.h" />
    <ClInclude Include="Source\FibersManager\Fiber\Fiber.h" />
    <ClInclude Include="Source\Features\Features.h" />
    <ClInclude Include="Headers\Natives.h" />
    <ClInclude Include="Headers\Enums.h" />
    <ClInclude Include="Headers\Structs.h" />
    <ClInclude Include="Source\Game\ioKeyboard\ioKeyboard.h" />
  </ItemGroup>
  <ItemGroup>
    <ClCompile Include="dllmain.cpp" />
    <ClCompile Include="pch.cpp" />
    <ClCompile Include="Source\Application\Application.cpp" />
    <ClCompile Include="Source\NativesInvoker\NativesInvoker.cpp" />
    <ClCompile Include="Source\Log\Log.cpp" />
    <ClCompile Include="Source\InputsHook\InputsHook.cpp" />
    <ClCompile Include="Source\ImGUI\ImGUI.cpp" />
    <ClCompile Include="Source\ImGUI\Console\Console.cpp" />
    <ClCompile Include="Source\ImGUI\Console\Commands\Commands.cpp" />
    <ClCompile Include="Source\scrThread\scrThread.cpp" />
    <ClCompile Include="Source\DirectXHook\DirectXHook.cpp" />
    <ClCompile Include="Source\Game\ioMouse\ioMouse.cpp" />
    <ClCompile Include="Source\Game\UIInput\UIInput.cpp" />
    <ClCompile Include="Source\Game\sagPlayerMgr\sagPlayerMgr.cpp" />
    <ClCompile Include="Source\Game\sagPlayer\sagPlayer.cpp" />
    <ClCompile Include="Source\Game\sagActor\sagActor.cpp" />
    <ClCompile Include="Source\Game\sagActorManager\sagActorManager.cpp" />
    <ClCompile Include="Source\ImGUI\Home\Home.cpp" />
    <ClCompile Include="Source\Game\gohObjectManager\gohObjectManager.cpp" />
    <ClCompile Include="Source\Game\Components\hlthHealthComponent\hlthHealthComponent.cpp" />
    <ClCompile Include="Source\Game\Components\mvrMoverComponent\mvrMoverComponent.cpp" />
    <ClCompile Include="Source\Game\Components\animAnimatorComponent\animAnimatorComponent.cpp" />
    <ClCompile Include="Source\Game\SigsDatabase\SigsDatabase.cpp" />
    <ClCompile Include="Source\FibersManager\FibersPool\FibersPool.cpp" />
    <ClCompile Include="Source\FibersManager\IFiber\IFiber.cpp" />
    <ClCompile Include="Source\FibersManager\Fiber\Fiber.cpp" />
    <ClCompile Include="Source\Features\Features.cpp" />
    <ClCompile Include="Source\Utils\Utils.cpp" />
    <ClCompile Include="Source\Game\ioKeyboard\ioKeyboard.cpp" />
  </ItemGroup>
  <ItemGroup>
    <ResourceCompile Include="RDR.rc" />
  </ItemGroup>
  <ItemGroup>
    <Font Include="HapnaSlabSerif-DemiBold.ttf" />
  </ItemGroup>
</Project>